
Microsoft Visual Studio Solution File, Format Version 12.00
# Visual Studio 15
VisualStudioVersion = 15.0.27428.2002
MinimumVisualStudioVersion = 10.0.40219.1
Project("{FAE04EC0-301F-11D3-BF4B-00C04F79EFBC}") = "SchoolStuff", "SchoolStuff\SchoolStuff.csproj", "{D78292CA-2B13-486E-8243-288DD792D8DE}"
EndProject
Project("{FAE04EC0-301F-11D3-BF4B-00C04F79EFBC}") = "Zahlensystemrechner", "Zahlensystemrechner\Zahlensystemrechner.csproj", "{4602F31E-6579-4C62-842C-00CAF22A1CE5}"
EndProject
Project("{9A19103F-16F7-4668-BE54-9A1E7A4F7556}") = "ISBNUtility", "ISBNUtility\ISBNUtility.csproj", "{ECA6550F-77CD-4B1E-9A26-E5C07B04EF99}"
EndProject
Project("{9A19103F-16F7-4668-BE54-9A1E7A4F7556}") = "ISBNRunner", "ISBNRunner\ISBNRunner.csproj", "{28B26D76-FA1B-4D56-AFB5-C4455AF7C0FB}"
EndProject
Project("{9A19103F-16F7-4668-BE54-9A1E7A4F7556}") = "TableParser", "TableParser\TableParser.csproj", "{2EC4609F-55A6-4FB4-9D3A-92DEA20B54C7}"
EndProject
Project("{FAE04EC0-301F-11D3-BF4B-00C04F79EFBC}") = "Quartett", "Quartett\Quartett.csproj", "{4763B5A1-7334-44ED-9F75-D99357B3CDED}"
EndProject
Global
	GlobalSection(SolutionConfigurationPlatforms) = preSolution
		Debug|Any CPU = Debug|Any CPU
		Release|Any CPU = Release|Any CPU
	EndGlobalSection
	GlobalSection(ProjectConfigurationPlatforms) = postSolution
		{D78292CA-2B13-486E-8243-288DD792D8DE}.Debug|Any CPU.ActiveCfg = Debug|Any CPU
		{D78292CA-2B13-486E-8243-288DD792D8DE}.Debug|Any CPU.Build.0 = Debug|Any CPU
		{D78292CA-2B13-486E-8243-288DD792D8DE}.Release|Any CPU.ActiveCfg = Release|Any CPU
		{D78292CA-2B13-486E-8243-288DD792D8DE}.Release|Any CPU.Build.0 = Release|Any CPU
		{4602F31E-6579-4C62-842C-00CAF22A1CE5}.Debug|Any CPU.ActiveCfg = Debug|Any CPU
		{4602F31E-6579-4C62-842C-00CAF22A1CE5}.Debug|Any CPU.Build.0 = Debug|Any CPU
		{4602F31E-6579-4C62-842C-00CAF22A1CE5}.Release|Any CPU.ActiveCfg = Release|Any CPU
		{4602F31E-6579-4C62-842C-00CAF22A1CE5}.Release|Any CPU.Build.0 = Release|Any CPU
		{ECA6550F-77CD-4B1E-9A26-E5C07B04EF99}.Debug|Any CPU.ActiveCfg = Debug|Any CPU
		{ECA6550F-77CD-4B1E-9A26-E5C07B04EF99}.Debug|Any CPU.Build.0 = Debug|Any CPU
		{ECA6550F-77CD-4B1E-9A26-E5C07B04EF99}.Release|Any CPU.ActiveCfg = Release|Any CPU
		{ECA6550F-77CD-4B1E-9A26-E5C07B04EF99}.Release|Any CPU.Build.0 = Release|Any CPU
		{28B26D76-FA1B-4D56-AFB5-C4455AF7C0FB}.Debug|Any CPU.ActiveCfg = Debug|Any CPU
		{28B26D76-FA1B-4D56-AFB5-C4455AF7C0FB}.Debug|Any CPU.Build.0 = Debug|Any CPU
		{28B26D76-FA1B-4D56-AFB5-C4455AF7C0FB}.Release|Any CPU.ActiveCfg = Release|Any CPU
		{28B26D76-FA1B-4D56-AFB5-C4455AF7C0FB}.Release|Any CPU.Build.0 = Release|Any CPU
		{2EC4609F-55A6-4FB4-9D3A-92DEA20B54C7}.Debug|Any CPU.ActiveCfg = Debug|Any CPU
		{2EC4609F-55A6-4FB4-9D3A-92DEA20B54C7}.Debug|Any CPU.Build.0 = Debug|Any CPU
		{2EC4609F-55A6-4FB4-9D3A-92DEA20B54C7}.Release|Any CPU.ActiveCfg = Release|Any CPU
		{2EC4609F-55A6-4FB4-9D3A-92DEA20B54C7}.Release|Any CPU.Build.0 = Release|Any CPU
		{4763B5A1-7334-44ED-9F75-D99357B3CDED}.Debug|Any CPU.ActiveCfg = Debug|Any CPU
		{4763B5A1-7334-44ED-9F75-D99357B3CDED}.Debug|Any CPU.Build.0 = Debug|Any CPU
		{4763B5A1-7334-44ED-9F75-D99357B3CDED}.Release|Any CPU.ActiveCfg = Release|Any CPU
		{4763B5A1-7334-44ED-9F75-D99357B3CDED}.Release|Any CPU.Build.0 = Release|Any CPU
	EndGlobalSection
	GlobalSection(SolutionProperties) = preSolution
		HideSolutionNode = FALSE
	EndGlobalSection
	GlobalSection(ExtensibilityGlobals) = postSolution
		SolutionGuid = {D1CC1BFF-164E-4271-B651-96529C0BD997}
	EndGlobalSection
EndGlobal
